{
  "name": "flows.js",
  "version": "1.0.0",
  "lockfileVersion": 1,
  "requires": true,
  "dependencies": {
    "json-fn": {
      "version": "1.1.1",
      "resolved": "https://registry.npmjs.org/json-fn/-/json-fn-1.1.1.tgz",
      "integrity": "sha1-QpPJGYpILWaX0zSm4yzQ0iESHoA="
    },
    "n-readlines": {
      "version": "0.2.8",
      "resolved": "https://registry.npmjs.org/n-readlines/-/n-readlines-0.2.8.tgz",
      "integrity": "sha512-FRr6GU0vooiPAuHMBt/Pspm4htItJKCehs8Q2urdUuigXsdQzP8V03UaQedeCmiygqJwtuGhnidWHRHhUOAg9w=="
    }
  }
}
